
Microsoft Visual Studio Solution File, Format Version 12.00
# Visual Studio Version 17
VisualStudioVersion = 17.13.35617.110 d17.13
MinimumVisualStudioVersion = 10.0.40219.1
Project("{FAE04EC0-301F-11D3-BF4B-00C04F79EFBC}") = "ForToWhileHomework", "ForToWhileHomework\ForToWhileHomework.csproj", "{5697DF2F-4C7E-4C3D-A75B-420FAD2E8DEE}"
EndProject
Global
	GlobalSection(SolutionConfigurationPlatforms) = preSolution
		Debug|Any CPU = Debug|Any CPU
		Release|Any CPU = Release|Any CPU
	EndGlobalSection
	GlobalSection(ProjectConfigurationPlatforms) = postSolution
		{5697DF2F-4C7E-4C3D-A75B-420FAD2E8DEE}.Debug|Any CPU.ActiveCfg = Debug|Any CPU
		{5697DF2F-4C7E-4C3D-A75B-420FAD2E8DEE}.Debug|Any CPU.Build.0 = Debug|Any CPU
		{5697DF2F-4C7E-4C3D-A75B-420FAD2E8DEE}.Release|Any CPU.ActiveCfg = Release|Any CPU
		{5697DF2F-4C7E-4C3D-A75B-420FAD2E8DEE}.Release|Any CPU.Build.0 = Release|Any CPU
	EndGlobalSection
	GlobalSection(SolutionProperties) = preSolution
		HideSolutionNode = FALSE
	EndGlobalSection
	GlobalSection(ExtensibilityGlobals) = postSolution
		SolutionGuid = {AA2E3606-B3CB-4A74-90EB-58400B0CCC58}
	EndGlobalSection
EndGlobal
