
Microsoft Visual Studio Solution File, Format Version 12.00
# Visual Studio Version 17
VisualStudioVersion = 17.13.35617.110
MinimumVisualStudioVersion = 10.0.40219.1
Project("{FAE04EC0-301F-11D3-BF4B-00C04F79EFBC}") = "FirstLesson", "FirstLesson\FirstLesson.csproj", "{F5876C0B-2567-4C1D-841C-49B747E85260}"
EndProject
Project("{FAE04EC0-301F-11D3-BF4B-00C04F79EFBC}") = "SecondDay", "SecondDay\SecondDay.csproj", "{7A9DFA53-F006-45C2-87D1-5AF06E19AB9B}"
EndProject
Global
	GlobalSection(SolutionConfigurationPlatforms) = preSolution
		Debug|Any CPU = Debug|Any CPU
		Release|Any CPU = Release|Any CPU
	EndGlobalSection
	GlobalSection(ProjectConfigurationPlatforms) = postSolution
		{F5876C0B-2567-4C1D-841C-49B747E85260}.Debug|Any CPU.ActiveCfg = Debug|Any CPU
		{F5876C0B-2567-4C1D-841C-49B747E85260}.Debug|Any CPU.Build.0 = Debug|Any CPU
		{F5876C0B-2567-4C1D-841C-49B747E85260}.Release|Any CPU.ActiveCfg = Release|Any CPU
		{F5876C0B-2567-4C1D-841C-49B747E85260}.Release|Any CPU.Build.0 = Release|Any CPU
		{7A9DFA53-F006-45C2-87D1-5AF06E19AB9B}.Debug|Any CPU.ActiveCfg = Debug|Any CPU
		{7A9DFA53-F006-45C2-87D1-5AF06E19AB9B}.Debug|Any CPU.Build.0 = Debug|Any CPU
		{7A9DFA53-F006-45C2-87D1-5AF06E19AB9B}.Release|Any CPU.ActiveCfg = Release|Any CPU
		{7A9DFA53-F006-45C2-87D1-5AF06E19AB9B}.Release|Any CPU.Build.0 = Release|Any CPU
	EndGlobalSection
	GlobalSection(SolutionProperties) = preSolution
		HideSolutionNode = FALSE
	EndGlobalSection
	GlobalSection(ExtensibilityGlobals) = postSolution
		SolutionGuid = {AE80ECD9-495C-4495-84E0-FC04DC09128E}
	EndGlobalSection
EndGlobal
